
Microsoft Visual Studio Solution File, Format Version 12.00
# Visual Studio 15
VisualStudioVersion = 15.0.26430.12
MinimumVisualStudioVersion = 10.0.40219.1
Project("{FAE04EC0-301F-11D3-BF4B-00C04F79EFBC}") = "ClientApplicationMVC", "ClientApplicationMVC\ClientApplicationMVC.csproj", "{CC44A2D7-03E0-4EAE-9AAD-B6730E60DE10}"
EndProject
Project("{FAE04EC0-301F-11D3-BF4B-00C04F79EFBC}") = "Messages", "Messages\Messages.csproj", "{9CAC18A4-2902-403E-9134-04AC6AB4E16F}"
EndProject
Project("{FAE04EC0-301F-11D3-BF4B-00C04F79EFBC}") = "AuthenticationService", "AuthenticationService\AuthenticationService.csproj", "{B8C49984-7491-44F9-AE82-E6990E56F7A0}"
EndProject
Project("{FAE04EC0-301F-11D3-BF4B-00C04F79EFBC}") = "CompanyDirectoryService", "CompanyDirectoryService\CompanyDirectoryService.csproj", "{D89211F2-DFED-45A1-97B8-107B34209CE0}"
EndProject
Global
	GlobalSection(SolutionConfigurationPlatforms) = preSolution
		Debug|Any CPU = Debug|Any CPU
		Release|Any CPU = Release|Any CPU
	EndGlobalSection
	GlobalSection(ProjectConfigurationPlatforms) = postSolution
		{CC44A2D7-03E0-4EAE-9AAD-B6730E60DE10}.Debug|Any CPU.ActiveCfg = Debug|Any CPU
		{CC44A2D7-03E0-4EAE-9AAD-B6730E60DE10}.Debug|Any CPU.Build.0 = Debug|Any CPU
		{CC44A2D7-03E0-4EAE-9AAD-B6730E60DE10}.Release|Any CPU.ActiveCfg = Release|Any CPU
		{CC44A2D7-03E0-4EAE-9AAD-B6730E60DE10}.Release|Any CPU.Build.0 = Release|Any CPU
		{9CAC18A4-2902-403E-9134-04AC6AB4E16F}.Debug|Any CPU.ActiveCfg = Debug|Any CPU
		{9CAC18A4-2902-403E-9134-04AC6AB4E16F}.Debug|Any CPU.Build.0 = Debug|Any CPU
		{9CAC18A4-2902-403E-9134-04AC6AB4E16F}.Release|Any CPU.ActiveCfg = Release|Any CPU
		{9CAC18A4-2902-403E-9134-04AC6AB4E16F}.Release|Any CPU.Build.0 = Release|Any CPU
		{B8C49984-7491-44F9-AE82-E6990E56F7A0}.Debug|Any CPU.ActiveCfg = Debug|Any CPU
		{B8C49984-7491-44F9-AE82-E6990E56F7A0}.Debug|Any CPU.Build.0 = Debug|Any CPU
		{B8C49984-7491-44F9-AE82-E6990E56F7A0}.Release|Any CPU.ActiveCfg = Release|Any CPU
		{B8C49984-7491-44F9-AE82-E6990E56F7A0}.Release|Any CPU.Build.0 = Release|Any CPU
		{D89211F2-DFED-45A1-97B8-107B34209CE0}.Debug|Any CPU.ActiveCfg = Debug|Any CPU
		{D89211F2-DFED-45A1-97B8-107B34209CE0}.Debug|Any CPU.Build.0 = Debug|Any CPU
		{D89211F2-DFED-45A1-97B8-107B34209CE0}.Release|Any CPU.ActiveCfg = Release|Any CPU
		{D89211F2-DFED-45A1-97B8-107B34209CE0}.Release|Any CPU.Build.0 = Release|Any CPU
	EndGlobalSection
	GlobalSection(SolutionProperties) = preSolution
		HideSolutionNode = FALSE
	EndGlobalSection
EndGlobal
